
Microsoft Visual Studio Solution File, Format Version 12.00
# Visual Studio Version 17
VisualStudioVersion = 17.7.34221.43
MinimumVisualStudioVersion = 10.0.40219.1
Project("{FAE04EC0-301F-11D3-BF4B-00C04F79EFBC}") = "Meta-AI-TTS-Integration", "Meta-AI-TTS-Integration\Meta-AI-TTS-Integration.csproj", "{2934B225-2345-4A1B-91B8-A5983FD6FD0B}"
EndProject
Project("{E24C65DC-7377-472B-9ABA-BC803B73C61A}") = "Python-TTS-Integration", "Python-TTS-Integration\", "{5803497F-EC71-42CF-9409-0A4EB746B726}"
	ProjectSection(WebsiteProperties) = preProject
		TargetFrameworkMoniker = ".NETFramework,Version%3Dv4.8.1"
		Debug.AspNetCompiler.VirtualPath = "/localhost_5184"
		Debug.AspNetCompiler.PhysicalPath = "Python-TTS-Integration\"
		Debug.AspNetCompiler.TargetPath = "PrecompiledWeb\localhost_5184\"
		Debug.AspNetCompiler.Updateable = "true"
		Debug.AspNetCompiler.ForceOverwrite = "true"
		Debug.AspNetCompiler.FixedNames = "false"
		Debug.AspNetCompiler.Debug = "True"
		Release.AspNetCompiler.VirtualPath = "/localhost_5184"
		Release.AspNetCompiler.PhysicalPath = "Python-TTS-Integration\"
		Release.AspNetCompiler.TargetPath = "PrecompiledWeb\localhost_5184\"
		Release.AspNetCompiler.Updateable = "true"
		Release.AspNetCompiler.ForceOverwrite = "true"
		Release.AspNetCompiler.FixedNames = "false"
		Release.AspNetCompiler.Debug = "False"
		VWDPort = "5184"
		SlnRelativePath = "Python-TTS-Integration\"
	EndProjectSection
EndProject
Global
	GlobalSection(SolutionConfigurationPlatforms) = preSolution
		Debug|Any CPU = Debug|Any CPU
		Release|Any CPU = Release|Any CPU
	EndGlobalSection
	GlobalSection(ProjectConfigurationPlatforms) = postSolution
		{2934B225-2345-4A1B-91B8-A5983FD6FD0B}.Debug|Any CPU.ActiveCfg = Debug|Any CPU
		{2934B225-2345-4A1B-91B8-A5983FD6FD0B}.Debug|Any CPU.Build.0 = Debug|Any CPU
		{2934B225-2345-4A1B-91B8-A5983FD6FD0B}.Release|Any CPU.ActiveCfg = Release|Any CPU
		{2934B225-2345-4A1B-91B8-A5983FD6FD0B}.Release|Any CPU.Build.0 = Release|Any CPU
		{5803497F-EC71-42CF-9409-0A4EB746B726}.Debug|Any CPU.ActiveCfg = Debug|Any CPU
		{5803497F-EC71-42CF-9409-0A4EB746B726}.Debug|Any CPU.Build.0 = Debug|Any CPU
		{5803497F-EC71-42CF-9409-0A4EB746B726}.Release|Any CPU.ActiveCfg = Debug|Any CPU
		{5803497F-EC71-42CF-9409-0A4EB746B726}.Release|Any CPU.Build.0 = Debug|Any CPU
	EndGlobalSection
	GlobalSection(SolutionProperties) = preSolution
		HideSolutionNode = FALSE
	EndGlobalSection
	GlobalSection(ExtensibilityGlobals) = postSolution
		SolutionGuid = {FB8BFD7A-F743-4A73-8919-5C9ABB7DA7E4}
	EndGlobalSection
EndGlobal
